{
  "nodes": {
    "blackmatter-claude": {
      "inputs": {
        "nixpkgs": [
          "nixpkgs"
        ]
      },
      "locked": {
        "lastModified": 1771420806,
        "narHash": "sha256-75qicuqc02QZGF9ogfE5kQN+PQcRPuTt8mZtk9JeoIM=",
        "ref": "refs/heads/main",
        "rev": "dc2efc05fddac09ad589eee0df61300575068e81",
        "revCount": 2,
        "type": "git",
        "url": "ssh://git@github.com/pleme-io/blackmatter-claude.git"
      },
      "original": {
        "type": "git",
        "url": "ssh://git@github.com/pleme-io/blackmatter-claude.git"
      }
    },
    "blackmatter-desktop": {
      "inputs": {
        "nixpkgs": [
          "nixpkgs"
        ]
      },
      "locked": {
        "lastModified": 1771260246,
        "narHash": "sha256-HGzH2JzjFk2Bc6mbmgwmv1GdEwPNj8sMn//DsXbr15w=",
        "ref": "refs/heads/main",
        "rev": "1f6f1856b6fd7e59c3e77af6416e352cff0ec08c",
        "revCount": 1,
        "type": "git",
        "url": "ssh://git@github.com/pleme-io/blackmatter-desktop.git"
      },
      "original": {
        "type": "git",
        "url": "ssh://git@github.com/pleme-io/blackmatter-desktop.git"
      }
    },
    "blackmatter-kubernetes": {
      "inputs": {
        "nixpkgs": [
          "nixpkgs"
        ]
      },
      "locked": {
        "lastModified": 1771260246,
        "narHash": "sha256-7KvNsO4qBUlj2HcxSUs6QkEJ1Qz074G3cW1BLeRAd6A=",
        "ref": "refs/heads/main",
        "rev": "534ecb2956c596d9a637d2dc8c97909034c660bb",
        "revCount": 1,
        "type": "git",
        "url": "ssh://git@github.com/pleme-io/blackmatter-kubernetes.git"
      },
      "original": {
        "type": "git",
        "url": "ssh://git@github.com/pleme-io/blackmatter-kubernetes.git"
      }
    },
    "blackmatter-nvim": {
      "inputs": {
        "nixpkgs": [
          "nixpkgs"
        ]
      },
      "locked": {
        "lastModified": 1771260245,
        "narHash": "sha256-mQ/doV9ol+isZnHF7j8w8DvhScu1MVYqthVUXkX/SjY=",
        "ref": "refs/heads/main",
        "rev": "7b7ebc763f527039ae74fec36aa1bdb5372cc4a8",
        "revCount": 1,
        "type": "git",
        "url": "ssh://git@github.com/pleme-io/blackmatter-nvim.git"
      },
      "original": {
        "type": "git",
        "url": "ssh://git@github.com/pleme-io/blackmatter-nvim.git"
      }
    },
    "blackmatter-security": {
      "inputs": {
        "nixpkgs": [
          "nixpkgs"
        ]
      },
      "locked": {
        "lastModified": 1771260246,
        "narHash": "sha256-HZEQ0iPb/MfUpd/+yTZrFHxWb8HcnL4h+dNrazU0PUw=",
        "ref": "refs/heads/main",
        "rev": "0e8efa4851412496676f5dffb365218e83c300f5",
        "revCount": 1,
        "type": "git",
        "url": "ssh://git@github.com/pleme-io/blackmatter-security.git"
      },
      "original": {
        "type": "git",
        "url": "ssh://git@github.com/pleme-io/blackmatter-security.git"
      }
    },
    "blackmatter-shell": {
      "inputs": {
        "nixpkgs": [
          "nixpkgs"
        ]
      },
      "locked": {
        "lastModified": 1771260245,
        "narHash": "sha256-UfRwvWgtYq4Tb1Sap//sumHc13xkB8OjgbezPZFZxo0=",
        "ref": "refs/heads/main",
        "rev": "a6c21cae716707dd3e1dbd6976221c5fd5086748",
        "revCount": 1,
        "type": "git",
        "url": "ssh://git@github.com/pleme-io/blackmatter-shell.git"
      },
      "original": {
        "type": "git",
        "url": "ssh://git@github.com/pleme-io/blackmatter-shell.git"
      }
    },
    "claude-code": {
      "inputs": {
        "flake-utils": "flake-utils",
        "nixpkgs": [
          "nixpkgs"
        ]
      },
      "locked": {
        "lastModified": 1771355929,
        "narHash": "sha256-RbWZT/bzvouL6Poq/ADMKA1aPiv+dHtcAa9F1ROlRLs=",
        "owner": "sadjow",
        "repo": "claude-code-nix",
        "rev": "3e489a0bd2199184a6f5f5334cf3d3c580b22007",
        "type": "github"
      },
      "original": {
        "owner": "sadjow",
        "repo": "claude-code-nix",
        "type": "github"
      }
    },
    "fenix": {
      "inputs": {
        "nixpkgs": [
          "nixpkgs"
        ],
        "rust-analyzer-src": "rust-analyzer-src"
      },
      "locked": {
        "lastModified": 1771398736,
        "narHash": "sha256-pjV3C7VJHN0o2SvE3O6xiwraLt7bnlWIF3o7Q0BC1jk=",
        "owner": "nix-community",
        "repo": "fenix",
        "rev": "0f608091816de13d92e1f4058b501028b782dddd",
        "type": "github"
      },
      "original": {
        "owner": "nix-community",
        "repo": "fenix",
        "type": "github"
      }
    },
    "flake-utils": {
      "inputs": {
        "systems": "systems"
      },
      "locked": {
        "lastModified": 1731533236,
        "narHash": "sha256-l0KFg5HjrsfsO/JpG+r7fRrqm12kzFHyUHqHCVpMMbI=",
        "owner": "numtide",
        "repo": "flake-utils",
        "rev": "11707dc2f618dd54ca8739b309ec4fc024de578b",
        "type": "github"
      },
      "original": {
        "owner": "numtide",
        "repo": "flake-utils",
        "type": "github"
      }
    },
    "nixpkgs": {
      "locked": {
        "lastModified": 1770562336,
        "narHash": "sha256-ub1gpAONMFsT/GU2hV6ZWJjur8rJ6kKxdm9IlCT0j84=",
        "owner": "NixOS",
        "repo": "nixpkgs",
        "rev": "d6c71932130818840fc8fe9509cf50be8c64634f",
        "type": "github"
      },
      "original": {
        "owner": "NixOS",
        "repo": "nixpkgs",
        "rev": "d6c71932130818840fc8fe9509cf50be8c64634f",
        "type": "github"
      }
    },
    "root": {
      "inputs": {
        "blackmatter-claude": "blackmatter-claude",
        "blackmatter-desktop": "blackmatter-desktop",
        "blackmatter-kubernetes": "blackmatter-kubernetes",
        "blackmatter-nvim": "blackmatter-nvim",
        "blackmatter-security": "blackmatter-security",
        "blackmatter-shell": "blackmatter-shell",
        "claude-code": "claude-code",
        "fenix": "fenix",
        "nixpkgs": "nixpkgs",
        "sops-nix": "sops-nix"
      }
    },
    "rust-analyzer-src": {
      "flake": false,
      "locked": {
        "lastModified": 1771353660,
        "narHash": "sha256-yp1y55kXgaa08g/gR3CNiUdkg1JRjPYfkKtEIRNE6S8=",
        "owner": "rust-lang",
        "repo": "rust-analyzer",
        "rev": "09f2d468eda25a5f06ae70046357c70ae5cd77c7",
        "type": "github"
      },
      "original": {
        "owner": "rust-lang",
        "ref": "nightly",
        "repo": "rust-analyzer",
        "type": "github"
      }
    },
    "sops-nix": {
      "inputs": {
        "nixpkgs": [
          "nixpkgs"
        ]
      },
      "locked": {
        "lastModified": 1770683991,
        "narHash": "sha256-xVfPvXDf9QN3Eh9dV+Lw6IkWG42KSuQ1u2260HKvpnc=",
        "owner": "Mic92",
        "repo": "sops-nix",
        "rev": "8b89f44c2cc4581e402111d928869fe7ba9f7033",
        "type": "github"
      },
      "original": {
        "owner": "Mic92",
        "repo": "sops-nix",
        "rev": "8b89f44c2cc4581e402111d928869fe7ba9f7033",
        "type": "github"
      }
    },
    "systems": {
      "locked": {
        "lastModified": 1681028828,
        "narHash": "sha256-Vy1rq5AaRuLzOxct8nz4T6wlgyUR7zLU309k9mBC768=",
        "owner": "nix-systems",
        "repo": "default",
        "rev": "da67096a3b9bf56a91d16901293e51ba5b49a27e",
        "type": "github"
      },
      "original": {
        "owner": "nix-systems",
        "repo": "default",
        "type": "github"
      }
    }
  },
  "root": "root",
  "version": 7
}
