{
  "nodes": {
    "blackmatter-claude": {
      "inputs": {
        "nixpkgs": [
          "nixpkgs"
        ]
      },
      "locked": {
        "lastModified": 1771420806,
        "narHash": "sha256-75qicuqc02QZGF9ogfE5kQN+PQcRPuTt8mZtk9JeoIM=",
        "ref": "refs/heads/main",
        "rev": "dc2efc05fddac09ad589eee0df61300575068e81",
        "revCount": 2,
        "type": "git",
        "url": "ssh://git@github.com/pleme-io/blackmatter-claude.git"
      },
      "original": {
        "type": "git",
        "url": "ssh://git@github.com/pleme-io/blackmatter-claude.git"
      }
    },
    "blackmatter-desktop": {
      "inputs": {
        "nixpkgs": [
          "nixpkgs"
        ]
      },
      "locked": {
        "lastModified": 1771260246,
        "narHash": "sha256-HGzH2JzjFk2Bc6mbmgwmv1GdEwPNj8sMn//DsXbr15w=",
        "ref": "refs/heads/main",
        "rev": "1f6f1856b6fd7e59c3e77af6416e352cff0ec08c",
        "revCount": 1,
        "type": "git",
        "url": "ssh://git@github.com/pleme-io/blackmatter-desktop.git"
      },
      "original": {
        "type": "git",
        "url": "ssh://git@github.com/pleme-io/blackmatter-desktop.git"
      }
    },
    "blackmatter-kubernetes": {
      "inputs": {
        "nixpkgs": [
          "nixpkgs"
        ]
      },
      "locked": {
        "lastModified": 1771260246,
        "narHash": "sha256-7KvNsO4qBUlj2HcxSUs6QkEJ1Qz074G3cW1BLeRAd6A=",
        "ref": "refs/heads/main",
        "rev": "534ecb2956c596d9a637d2dc8c97909034c660bb",
        "revCount": 1,
        "type": "git",
        "url": "ssh://git@github.com/pleme-io/blackmatter-kubernetes.git"
      },
      "original": {
        "type": "git",
        "url": "ssh://git@github.com/pleme-io/blackmatter-kubernetes.git"
      }
    },
    "blackmatter-nvim": {
      "inputs": {
        "nixpkgs": [
          "nixpkgs"
        ]
      },
      "locked": {
        "lastModified": 1771497644,
        "narHash": "sha256-bHX9Ff4TBC2Tn7uBnTzw5a+M8DvfLJmzP7q46mp/M9I=",
        "ref": "refs/heads/main",
        "rev": "d3e7f20c7e5f0f77c2c3153b8401e96b84cce47d",
        "revCount": 5,
        "type": "git",
        "url": "ssh://git@github.com/pleme-io/blackmatter-nvim.git"
      },
      "original": {
        "type": "git",
        "url": "ssh://git@github.com/pleme-io/blackmatter-nvim.git"
      }
    },
    "blackmatter-security": {
      "inputs": {
        "nixpkgs": [
          "nixpkgs"
        ]
      },
      "locked": {
        "lastModified": 1771260246,
        "narHash": "sha256-HZEQ0iPb/MfUpd/+yTZrFHxWb8HcnL4h+dNrazU0PUw=",
        "ref": "refs/heads/main",
        "rev": "0e8efa4851412496676f5dffb365218e83c300f5",
        "revCount": 1,
        "type": "git",
        "url": "ssh://git@github.com/pleme-io/blackmatter-security.git"
      },
      "original": {
        "type": "git",
        "url": "ssh://git@github.com/pleme-io/blackmatter-security.git"
      }
    },
    "blackmatter-shell": {
      "inputs": {
        "nixpkgs": [
          "nixpkgs"
        ]
      },
      "locked": {
        "lastModified": 1771497312,
        "narHash": "sha256-h6Hk0Ar7SJGXSBVI5j11HN+RrwhgNuDKmgF6LfmfhmQ=",
        "ref": "refs/heads/main",
        "rev": "f00a389025b8d79e404c5a7c240d7e77a460b5d8",
        "revCount": 7,
        "type": "git",
        "url": "ssh://git@github.com/pleme-io/blackmatter-shell.git"
      },
      "original": {
        "type": "git",
        "url": "ssh://git@github.com/pleme-io/blackmatter-shell.git"
      }
    },
    "claude-code": {
      "inputs": {
        "flake-utils": "flake-utils",
        "nixpkgs": [
          "nixpkgs"
        ]
      },
      "locked": {
        "lastModified": 1771452362,
        "narHash": "sha256-EeXsFYu4jgk7EVrfYHw/bg9d17X5CAbCx98x5yYgnn8=",
        "owner": "sadjow",
        "repo": "claude-code-nix",
        "rev": "c4f00ef61954f46944680f358af60e97006ee754",
        "type": "github"
      },
      "original": {
        "owner": "sadjow",
        "repo": "claude-code-nix",
        "type": "github"
      }
    },
    "fenix": {
      "inputs": {
        "nixpkgs": [
          "nixpkgs"
        ],
        "rust-analyzer-src": "rust-analyzer-src"
      },
      "locked": {
        "lastModified": 1771485140,
        "narHash": "sha256-oFJv+Zp5AjQ9yDWlisGSD5OK20iz7v+hfedEdRg2/Aw=",
        "owner": "nix-community",
        "repo": "fenix",
        "rev": "f95b0cc3fffa5057e9d207afb98dda5178253380",
        "type": "github"
      },
      "original": {
        "owner": "nix-community",
        "repo": "fenix",
        "type": "github"
      }
    },
    "flake-utils": {
      "inputs": {
        "systems": "systems"
      },
      "locked": {
        "lastModified": 1731533236,
        "narHash": "sha256-l0KFg5HjrsfsO/JpG+r7fRrqm12kzFHyUHqHCVpMMbI=",
        "owner": "numtide",
        "repo": "flake-utils",
        "rev": "11707dc2f618dd54ca8739b309ec4fc024de578b",
        "type": "github"
      },
      "original": {
        "owner": "numtide",
        "repo": "flake-utils",
        "type": "github"
      }
    },
    "nixpkgs": {
      "locked": {
        "lastModified": 1770562336,
        "narHash": "sha256-ub1gpAONMFsT/GU2hV6ZWJjur8rJ6kKxdm9IlCT0j84=",
        "owner": "NixOS",
        "repo": "nixpkgs",
        "rev": "d6c71932130818840fc8fe9509cf50be8c64634f",
        "type": "github"
      },
      "original": {
        "owner": "NixOS",
        "repo": "nixpkgs",
        "rev": "d6c71932130818840fc8fe9509cf50be8c64634f",
        "type": "github"
      }
    },
    "root": {
      "inputs": {
        "blackmatter-claude": "blackmatter-claude",
        "blackmatter-desktop": "blackmatter-desktop",
        "blackmatter-kubernetes": "blackmatter-kubernetes",
        "blackmatter-nvim": "blackmatter-nvim",
        "blackmatter-security": "blackmatter-security",
        "blackmatter-shell": "blackmatter-shell",
        "claude-code": "claude-code",
        "fenix": "fenix",
        "nixpkgs": "nixpkgs",
        "sops-nix": "sops-nix"
      }
    },
    "rust-analyzer-src": {
      "flake": false,
      "locked": {
        "lastModified": 1771444642,
        "narHash": "sha256-ztRHVn93XOfYZNnGYyNadFdR8gp3Xi2JKDKwBzb0ApI=",
        "owner": "rust-lang",
        "repo": "rust-analyzer",
        "rev": "70f44024cc9d92c56df79832d81775cb99dc2e21",
        "type": "github"
      },
      "original": {
        "owner": "rust-lang",
        "ref": "nightly",
        "repo": "rust-analyzer",
        "type": "github"
      }
    },
    "sops-nix": {
      "inputs": {
        "nixpkgs": [
          "nixpkgs"
        ]
      },
      "locked": {
        "lastModified": 1770683991,
        "narHash": "sha256-xVfPvXDf9QN3Eh9dV+Lw6IkWG42KSuQ1u2260HKvpnc=",
        "owner": "Mic92",
        "repo": "sops-nix",
        "rev": "8b89f44c2cc4581e402111d928869fe7ba9f7033",
        "type": "github"
      },
      "original": {
        "owner": "Mic92",
        "repo": "sops-nix",
        "rev": "8b89f44c2cc4581e402111d928869fe7ba9f7033",
        "type": "github"
      }
    },
    "systems": {
      "locked": {
        "lastModified": 1681028828,
        "narHash": "sha256-Vy1rq5AaRuLzOxct8nz4T6wlgyUR7zLU309k9mBC768=",
        "owner": "nix-systems",
        "repo": "default",
        "rev": "da67096a3b9bf56a91d16901293e51ba5b49a27e",
        "type": "github"
      },
      "original": {
        "owner": "nix-systems",
        "repo": "default",
        "type": "github"
      }
    }
  },
  "root": "root",
  "version": 7
}
